// !$*UTF8*$!
{
	archiveVersion = 1;
	classes = {
	};
	objectVersion = 56;
	objects = {

/* Begin PBXBuildFile section */
		AE63F1B12B25AEC8004F6496 /* AppDelegate.swift in Sources */ = {isa = PBXBuildFile; fileRef = AE63F1B02B25AEC8004F6496 /* AppDelegate.swift */; };
		AE63F1B52B25AEC8004F6496 /* ViewController.swift in Sources */ = {isa = PBXBuildFile; fileRef = AE63F1B42B25AEC8004F6496 /* ViewController.swift */; };
		AE63F1B82B25AEC8004F6496 /* Main.storyboard in Resources */ = {isa = PBXBuildFile; fileRef = AE63F1B62B25AEC8004F6496 /* Main.storyboard */; };
		AE63F1BA2B25AECA004F6496 /* Assets.xcassets in Resources */ = {isa = PBXBuildFile; fileRef = AE63F1B92B25AECA004F6496 /* Assets.xcassets */; };
		AE63F1BD2B25AECA004F6496 /* LaunchScreen.storyboard in Resources */ = {isa = PBXBuildFile; fileRef = AE63F1BB2B25AECA004F6496 /* LaunchScreen.storyboard */; };
		AE63F1C82B25AECA004F6496 /* SmallWorldTest_UIKitTests.swift in Sources */ = {isa = PBXBuildFile; fileRef = AE63F1C72B25AECA004F6496 /* SmallWorldTest_UIKitTests.swift */; };
		AE63F1D22B25AECA004F6496 /* SmallWorldTest_UIKitUITests.swift in Sources */ = {isa = PBXBuildFile; fileRef = AE63F1D12B25AECA004F6496 /* SmallWorldTest_UIKitUITests.swift */; };
		AE63F1D42B25AECA004F6496 /* SmallWorldTest_UIKitUITestsLaunchTests.swift in Sources */ = {isa = PBXBuildFile; fileRef = AE63F1D32B25AECA004F6496 /* SmallWorldTest_UIKitUITestsLaunchTests.swift */; };
		AE63F1E32B25B13B004F6496 /* MoviesViewController.swift in Sources */ = {isa = PBXBuildFile; fileRef = AE63F1E12B25B13B004F6496 /* MoviesViewController.swift */; };
		AE63F1E42B25B13B004F6496 /* MoviesViewController.xib in Resources */ = {isa = PBXBuildFile; fileRef = AE63F1E22B25B13B004F6496 /* MoviesViewController.xib */; };
		AE63F1E82B25B260004F6496 /* MoviesTableViewCell.swift in Sources */ = {isa = PBXBuildFile; fileRef = AE63F1E62B25B260004F6496 /* MoviesTableViewCell.swift */; };
		AE63F1E92B25B260004F6496 /* MoviesTableViewCell.xib in Resources */ = {isa = PBXBuildFile; fileRef = AE63F1E72B25B260004F6496 /* MoviesTableViewCell.xib */; };
		AE63F1ED2B25B541004F6496 /* Extension.swift in Sources */ = {isa = PBXBuildFile; fileRef = AE63F1EC2B25B541004F6496 /* Extension.swift */; };
		AE63F1F02B25B9AA004F6496 /* RequestManager.swift in Sources */ = {isa = PBXBuildFile; fileRef = AE63F1EF2B25B9AA004F6496 /* RequestManager.swift */; };
		AE63F1FB2B25BA9A004F6496 /* MoviesModel.swift in Sources */ = {isa = PBXBuildFile; fileRef = AE63F1FA2B25BA9A004F6496 /* MoviesModel.swift */; };
		AE63F1FD2B25BD73004F6496 /* MoviesViewModel.swift in Sources */ = {isa = PBXBuildFile; fileRef = AE63F1FC2B25BD73004F6496 /* MoviesViewModel.swift */; };
		AE63F2002B25BDE2004F6496 /* MoviesResources.swift in Sources */ = {isa = PBXBuildFile; fileRef = AE63F1FF2B25BDE2004F6496 /* MoviesResources.swift */; };
		AE63F2032B25BEB8004F6496 /* Constants.swift in Sources */ = {isa = PBXBuildFile; fileRef = AE63F2022B25BEB8004F6496 /* Constants.swift */; };
		AE63F20A2B25D5D4004F6496 /* Kingfisher in Frameworks */ = {isa = PBXBuildFile; productRef = AE63F2092B25D5D4004F6496 /* Kingfisher */; };
		AE63F20D2B25D875004F6496 /* MovieDetailViewController.swift in Sources */ = {isa = PBXBuildFile; fileRef = AE63F20B2B25D875004F6496 /* MovieDetailViewController.swift */; };
		AE63F20E2B25D875004F6496 /* MovieDetailViewController.xib in Resources */ = {isa = PBXBuildFile; fileRef = AE63F20C2B25D875004F6496 /* MovieDetailViewController.xib */; };
/* End PBXBuildFile section */

/* Begin PBXContainerItemProxy section */
		AE63F1C42B25AECA004F6496 /* PBXContainerItemProxy */ = {
			isa = PBXContainerItemProxy;
			containerPortal = AE63F1A52B25AEC8004F6496 /* Project object */;
			proxyType = 1;
			remoteGlobalIDString = AE63F1AC2B25AEC8004F6496;
			remoteInfo = SmallWorldTest_UIKit;
		};
		AE63F1CE2B25AECA004F6496 /* PBXContainerItemProxy */ = {
			isa = PBXContainerItemProxy;
			containerPortal = AE63F1A52B25AEC8004F6496 /* Project object */;
			proxyType = 1;
			remoteGlobalIDString = AE63F1AC2B25AEC8004F6496;
			remoteInfo = SmallWorldTest_UIKit;
		};
/* End PBXContainerItemProxy section */

/* Begin PBXFileReference section */
		AE63F1AD2B25AEC8004F6496 /* SmallWorldTest_UIKit.app */ = {isa = PBXFileReference; explicitFileType = wrapper.application; includeInIndex = 0; path = SmallWorldTest_UIKit.app; sourceTree = BUILT_PRODUCTS_DIR; };
		AE63F1B02B25AEC8004F6496 /* AppDelegate.swift */ = {isa = PBXFileReference; lastKnownFileType = sourcecode.swift; path = AppDelegate.swift; sourceTree = "<group>"; };
		AE63F1B42B25AEC8004F6496 /* ViewController.swift */ = {isa = PBXFileReference; lastKnownFileType = sourcecode.swift; path = ViewController.swift; sourceTree = "<group>"; };
		AE63F1B72B25AEC8004F6496 /* Base */ = {isa = PBXFileReference; lastKnownFileType = file.storyboard; name = Base; path = Base.lproj/Main.storyboard; sourceTree = "<group>"; };
		AE63F1B92B25AECA004F6496 /* Assets.xcassets */ = {isa = PBXFileReference; lastKnownFileType = folder.assetcatalog; path = Assets.xcassets; sourceTree = "<group>"; };
		AE63F1BC2B25AECA004F6496 /* Base */ = {isa = PBXFileReference; lastKnownFileType = file.storyboard; name = Base; path = Base.lproj/LaunchScreen.storyboard; sourceTree = "<group>"; };
		AE63F1BE2B25AECA004F6496 /* Info.plist */ = {isa = PBXFileReference; lastKnownFileType = text.plist.xml; path = Info.plist; sourceTree = "<group>"; };
		AE63F1C32B25AECA004F6496 /* SmallWorldTest_UIKitTests.xctest */ = {isa = PBXFileReference; explicitFileType = wrapper.cfbundle; includeInIndex = 0; path = SmallWorldTest_UIKitTests.xctest; sourceTree = BUILT_PRODUCTS_DIR; };
		AE63F1C72B25AECA004F6496 /* SmallWorldTest_UIKitTests.swift */ = {isa = PBXFileReference; lastKnownFileType = sourcecode.swift; path = SmallWorldTest_UIKitTests.swift; sourceTree = "<group>"; };
		AE63F1CD2B25AECA004F6496 /* SmallWorldTest_UIKitUITests.xctest */ = {isa = PBXFileReference; explicitFileType = wrapper.cfbundle; includeInIndex = 0; path = SmallWorldTest_UIKitUITests.xctest; sourceTree = BUILT_PRODUCTS_DIR; };
		AE63F1D12B25AECA004F6496 /* SmallWorldTest_UIKitUITests.swift */ = {isa = PBXFileReference; lastKnownFileType = sourcecode.swift; path = SmallWorldTest_UIKitUITests.swift; sourceTree = "<group>"; };
		AE63F1D32B25AECA004F6496 /* SmallWorldTest_UIKitUITestsLaunchTests.swift */ = {isa = PBXFileReference; lastKnownFileType = sourcecode.swift; path = SmallWorldTest_UIKitUITestsLaunchTests.swift; sourceTree = "<group>"; };
		AE63F1E12B25B13B004F6496 /* MoviesViewController.swift */ = {isa = PBXFileReference; lastKnownFileType = sourcecode.swift; path = MoviesViewController.swift; sourceTree = "<group>"; };
		AE63F1E22B25B13B004F6496 /* MoviesViewController.xib */ = {isa = PBXFileReference; lastKnownFileType = file.xib; path = MoviesViewController.xib; sourceTree = "<group>"; };
		AE63F1E62B25B260004F6496 /* MoviesTableViewCell.swift */ = {isa = PBXFileReference; lastKnownFileType = sourcecode.swift; path = MoviesTableViewCell.swift; sourceTree = "<group>"; };
		AE63F1E72B25B260004F6496 /* MoviesTableViewCell.xib */ = {isa = PBXFileReference; lastKnownFileType = file.xib; path = MoviesTableViewCell.xib; sourceTree = "<group>"; };
		AE63F1EC2B25B541004F6496 /* Extension.swift */ = {isa = PBXFileReference; lastKnownFileType = sourcecode.swift; path = Extension.swift; sourceTree = "<group>"; };
		AE63F1EF2B25B9AA004F6496 /* RequestManager.swift */ = {isa = PBXFileReference; lastKnownFileType = sourcecode.swift; path = RequestManager.swift; sourceTree = "<group>"; };
		AE63F1FA2B25BA9A004F6496 /* MoviesModel.swift */ = {isa = PBXFileReference; lastKnownFileType = sourcecode.swift; path = MoviesModel.swift; sourceTree = "<group>"; };
		AE63F1FC2B25BD73004F6496 /* MoviesViewModel.swift */ = {isa = PBXFileReference; lastKnownFileType = sourcecode.swift; path = MoviesViewModel.swift; sourceTree = "<group>"; };
		AE63F1FF2B25BDE2004F6496 /* MoviesResources.swift */ = {isa = PBXFileReference; lastKnownFileType = sourcecode.swift; path = MoviesResources.swift; sourceTree = "<group>"; };
		AE63F2022B25BEB8004F6496 /* Constants.swift */ = {isa = PBXFileReference; lastKnownFileType = sourcecode.swift; path = Constants.swift; sourceTree = "<group>"; };
		AE63F20B2B25D875004F6496 /* MovieDetailViewController.swift */ = {isa = PBXFileReference; lastKnownFileType = sourcecode.swift; path = MovieDetailViewController.swift; sourceTree = "<group>"; };
		AE63F20C2B25D875004F6496 /* MovieDetailViewController.xib */ = {isa = PBXFileReference; lastKnownFileType = file.xib; path = MovieDetailViewController.xib; sourceTree = "<group>"; };
/* End PBXFileReference section */

/* Begin PBXFrameworksBuildPhase section */
		AE63F1AA2B25AEC8004F6496 /* Frameworks */ = {
			isa = PBXFrameworksBuildPhase;
			buildActionMask = 2147483647;
			files = (
				AE63F20A2B25D5D4004F6496 /* Kingfisher in Frameworks */,
			);
			runOnlyForDeploymentPostprocessing = 0;
		};
		AE63F1C02B25AECA004F6496 /* Frameworks */ = {
			isa = PBXFrameworksBuildPhase;
			buildActionMask = 2147483647;
			files = (
			);
			runOnlyForDeploymentPostprocessing = 0;
		};
		AE63F1CA2B25AECA004F6496 /* Frameworks */ = {
			isa = PBXFrameworksBuildPhase;
			buildActionMask = 2147483647;
			files = (
			);
			runOnlyForDeploymentPostprocessing = 0;
		};
/* End PBXFrameworksBuildPhase section */

/* Begin PBXGroup section */
		AE63F1A42B25AEC8004F6496 = {
			isa = PBXGroup;
			children = (
				AE63F1AF2B25AEC8004F6496 /* SmallWorldTest_UIKit */,
				AE63F1C62B25AECA004F6496 /* SmallWorldTest_UIKitTests */,
				AE63F1D02B25AECA004F6496 /* SmallWorldTest_UIKitUITests */,
				AE63F1AE2B25AEC8004F6496 /* Products */,
			);
			sourceTree = "<group>";
		};
		AE63F1AE2B25AEC8004F6496 /* Products */ = {
			isa = PBXGroup;
			children = (
				AE63F1AD2B25AEC8004F6496 /* SmallWorldTest_UIKit.app */,
				AE63F1C32B25AECA004F6496 /* SmallWorldTest_UIKitTests.xctest */,
				AE63F1CD2B25AECA004F6496 /* SmallWorldTest_UIKitUITests.xctest */,
			);
			name = Products;
			sourceTree = "<group>";
		};
		AE63F1AF2B25AEC8004F6496 /* SmallWorldTest_UIKit */ = {
			isa = PBXGroup;
			children = (
				AE63F2012B25BEAA004F6496 /* Utilities */,
				AE63F1FE2B25BDD3004F6496 /* DataSource */,
				AE63F1F92B25BA4A004F6496 /* ViewModel */,
				AE63F1F82B25BA48004F6496 /* Model */,
				AE63F1F72B25BA45004F6496 /* View */,
				AE63F1EE2B25B985004F6496 /* Request */,
				AE63F1EB2B25B534004F6496 /* Extensions */,
				AE63F1B02B25AEC8004F6496 /* AppDelegate.swift */,
				AE63F1B42B25AEC8004F6496 /* ViewController.swift */,
				AE63F1B62B25AEC8004F6496 /* Main.storyboard */,
				AE63F1B92B25AECA004F6496 /* Assets.xcassets */,
				AE63F1BB2B25AECA004F6496 /* LaunchScreen.storyboard */,
				AE63F1BE2B25AECA004F6496 /* Info.plist */,
			);
			path = SmallWorldTest_UIKit;
			sourceTree = "<group>";
		};
		AE63F1C62B25AECA004F6496 /* SmallWorldTest_UIKitTests */ = {
			isa = PBXGroup;
			children = (
				AE63F1C72B25AECA004F6496 /* SmallWorldTest_UIKitTests.swift */,
			);
			path = SmallWorldTest_UIKitTests;
			sourceTree = "<group>";
		};
		AE63F1D02B25AECA004F6496 /* SmallWorldTest_UIKitUITests */ = {
			isa = PBXGroup;
			children = (
				AE63F1D12B25AECA004F6496 /* SmallWorldTest_UIKitUITests.swift */,
				AE63F1D32B25AECA004F6496 /* SmallWorldTest_UIKitUITestsLaunchTests.swift */,
			);
			path = SmallWorldTest_UIKitUITests;
			sourceTree = "<group>";
		};
		AE63F1E02B25B127004F6496 /* Movies */ = {
			isa = PBXGroup;
			children = (
				AE63F1E52B25B240004F6496 /* Cell */,
				AE63F1E12B25B13B004F6496 /* MoviesViewController.swift */,
				AE63F1E22B25B13B004F6496 /* MoviesViewController.xib */,
			);
			path = Movies;
			sourceTree = "<group>";
		};
		AE63F1E52B25B240004F6496 /* Cell */ = {
			isa = PBXGroup;
			children = (
				AE63F1E62B25B260004F6496 /* MoviesTableViewCell.swift */,
				AE63F1E72B25B260004F6496 /* MoviesTableViewCell.xib */,
			);
			path = Cell;
			sourceTree = "<group>";
		};
		AE63F1EB2B25B534004F6496 /* Extensions */ = {
			isa = PBXGroup;
			children = (
				AE63F1EC2B25B541004F6496 /* Extension.swift */,
			);
			path = Extensions;
			sourceTree = "<group>";
		};
		AE63F1EE2B25B985004F6496 /* Request */ = {
			isa = PBXGroup;
			children = (
				AE63F1EF2B25B9AA004F6496 /* RequestManager.swift */,
			);
			path = Request;
			sourceTree = "<group>";
		};
		AE63F1F72B25BA45004F6496 /* View */ = {
			isa = PBXGroup;
			children = (
				AE63F1E02B25B127004F6496 /* Movies */,
				AE63F20F2B25DE7E004F6496 /* Movies Detail */,
			);
			path = View;
			sourceTree = "<group>";
		};
		AE63F1F82B25BA48004F6496 /* Model */ = {
			isa = PBXGroup;
			children = (
				AE63F1FA2B25BA9A004F6496 /* MoviesModel.swift */,
			);
			path = Model;
			sourceTree = "<group>";
		};
		AE63F1F92B25BA4A004F6496 /* ViewModel */ = {
			isa = PBXGroup;
			children = (
				AE63F1FC2B25BD73004F6496 /* MoviesViewModel.swift */,
			);
			path = ViewModel;
			sourceTree = "<group>";
		};
		AE63F1FE2B25BDD3004F6496 /* DataSource */ = {
			isa = PBXGroup;
			children = (
				AE63F1FF2B25BDE2004F6496 /* MoviesResources.swift */,
			);
			path = DataSource;
			sourceTree = "<group>";
		};
		AE63F2012B25BEAA004F6496 /* Utilities */ = {
			isa = PBXGroup;
			children = (
				AE63F2022B25BEB8004F6496 /* Constants.swift */,
			);
			path = Utilities;
			sourceTree = "<group>";
		};
		AE63F20F2B25DE7E004F6496 /* Movies Detail */ = {
			isa = PBXGroup;
			children = (
				AE63F20B2B25D875004F6496 /* MovieDetailViewController.swift */,
				AE63F20C2B25D875004F6496 /* MovieDetailViewController.xib */,
			);
			path = "Movies Detail";
			sourceTree = "<group>";
		};
/* End PBXGroup section */

/* Begin PBXNativeTarget section */
		AE63F1AC2B25AEC8004F6496 /* SmallWorldTest_UIKit */ = {
			isa = PBXNativeTarget;
			buildConfigurationList = AE63F1D72B25AECA004F6496 /* Build configuration list for PBXNativeTarget "SmallWorldTest_UIKit" */;
			buildPhases = (
				AE63F1A92B25AEC8004F6496 /* Sources */,
				AE63F1AA2B25AEC8004F6496 /* Frameworks */,
				AE63F1AB2B25AEC8004F6496 /* Resources */,
			);
			buildRules = (
			);
			dependencies = (
			);
			name = SmallWorldTest_UIKit;
			packageProductDependencies = (
				AE63F2092B25D5D4004F6496 /* Kingfisher */,
			);
			productName = SmallWorldTest_UIKit;
			productReference = AE63F1AD2B25AEC8004F6496 /* SmallWorldTest_UIKit.app */;
			productType = "com.apple.product-type.application";
		};
		AE63F1C22B25AECA004F6496 /* SmallWorldTest_UIKitTests */ = {
			isa = PBXNativeTarget;
			buildConfigurationList = AE63F1DA2B25AECA004F6496 /* Build configuration list for PBXNativeTarget "SmallWorldTest_UIKitTests" */;
			buildPhases = (
				AE63F1BF2B25AECA004F6496 /* Sources */,
				AE63F1C02B25AECA004F6496 /* Frameworks */,
				AE63F1C12B25AECA004F6496 /* Resources */,
			);
			buildRules = (
			);
			dependencies = (
				AE63F1C52B25AECA004F6496 /* PBXTargetDependency */,
			);
			name = SmallWorldTest_UIKitTests;
			productName = SmallWorldTest_UIKitTests;
			productReference = AE63F1C32B25AECA004F6496 /* SmallWorldTest_UIKitTests.xctest */;
			productType = "com.apple.product-type.bundle.unit-test";
		};
		AE63F1CC2B25AECA004F6496 /* SmallWorldTest_UIKitUITests */ = {
			isa = PBXNativeTarget;
			buildConfigurationList = AE63F1DD2B25AECA004F6496 /* Build configuration list for PBXNativeTarget "SmallWorldTest_UIKitUITests" */;
			buildPhases = (
				AE63F1C92B25AECA004F6496 /* Sources */,
				AE63F1CA2B25AECA004F6496 /* Frameworks */,
				AE63F1CB2B25AECA004F6496 /* Resources */,
			);
			buildRules = (
			);
			dependencies = (
				AE63F1CF2B25AECA004F6496 /* PBXTargetDependency */,
			);
			name = SmallWorldTest_UIKitUITests;
			productName = SmallWorldTest_UIKitUITests;
			productReference = AE63F1CD2B25AECA004F6496 /* SmallWorldTest_UIKitUITests.xctest */;
			productType = "com.apple.product-type.bundle.ui-testing";
		};
/* End PBXNativeTarget section */

/* Begin PBXProject section */
		AE63F1A52B25AEC8004F6496 /* Project object */ = {
			isa = PBXProject;
			attributes = {
				BuildIndependentTargetsInParallel = 1;
				LastSwiftUpdateCheck = 1500;
				LastUpgradeCheck = 1500;
				TargetAttributes = {
					AE63F1AC2B25AEC8004F6496 = {
						CreatedOnToolsVersion = 15.0.1;
					};
					AE63F1C22B25AECA004F6496 = {
						CreatedOnToolsVersion = 15.0.1;
						TestTargetID = AE63F1AC2B25AEC8004F6496;
					};
					AE63F1CC2B25AECA004F6496 = {
						CreatedOnToolsVersion = 15.0.1;
						TestTargetID = AE63F1AC2B25AEC8004F6496;
					};
				};
			};
			buildConfigurationList = AE63F1A82B25AEC8004F6496 /* Build configuration list for PBXProject "SmallWorldTest_UIKit" */;
			compatibilityVersion = "Xcode 14.0";
			developmentRegion = en;
			hasScannedForEncodings = 0;
			knownRegions = (
				en,
				Base,
			);
			mainGroup = AE63F1A42B25AEC8004F6496;
			packageReferences = (
				AE63F2082B25D5D3004F6496 /* XCRemoteSwiftPackageReference "Kingfisher" */,
			);
			productRefGroup = AE63F1AE2B25AEC8004F6496 /* Products */;
			projectDirPath = "";
			projectRoot = "";
			targets = (
				AE63F1AC2B25AEC8004F6496 /* SmallWorldTest_UIKit */,
				AE63F1C22B25AECA004F6496 /* SmallWorldTest_UIKitTests */,
				AE63F1CC2B25AECA004F6496 /* SmallWorldTest_UIKitUITests */,
			);
		};
/* End PBXProject section */

/* Begin PBXResourcesBuildPhase section */
		AE63F1AB2B25AEC8004F6496 /* Resources */ = {
			isa = PBXResourcesBuildPhase;
			buildActionMask = 2147483647;
			files = (
				AE63F20E2B25D875004F6496 /* MovieDetailViewController.xib in Resources */,
				AE63F1BD2B25AECA004F6496 /* LaunchScreen.storyboard in Resources */,
				AE63F1E92B25B260004F6496 /* MoviesTableViewCell.xib in Resources */,
				AE63F1BA2B25AECA004F6496 /* Assets.xcassets in Resources */,
				AE63F1B82B25AEC8004F6496 /* Main.storyboard in Resources */,
				AE63F1E42B25B13B004F6496 /* MoviesViewController.xib in Resources */,
			);
			runOnlyForDeploymentPostprocessing = 0;
		};
		AE63F1C12B25AECA004F6496 /* Resources */ = {
			isa = PBXResourcesBuildPhase;
			buildActionMask = 2147483647;
			files = (
			);
			runOnlyForDeploymentPostprocessing = 0;
		};
		AE63F1CB2B25AECA004F6496 /* Resources */ = {
			isa = PBXResourcesBuildPhase;
			buildActionMask = 2147483647;
			files = (
			);
			runOnlyForDeploymentPostprocessing = 0;
		};
/* End PBXResourcesBuildPhase section */

/* Begin PBXSourcesBuildPhase section */
		AE63F1A92B25AEC8004F6496 /* Sources */ = {
			isa = PBXSourcesBuildPhase;
			buildActionMask = 2147483647;
			files = (
				AE63F1ED2B25B541004F6496 /* Extension.swift in Sources */,
				AE63F1B52B25AEC8004F6496 /* ViewController.swift in Sources */,
				AE63F2002B25BDE2004F6496 /* MoviesResources.swift in Sources */,
				AE63F1B12B25AEC8004F6496 /* AppDelegate.swift in Sources */,
				AE63F1FB2B25BA9A004F6496 /* MoviesModel.swift in Sources */,
				AE63F2032B25BEB8004F6496 /* Constants.swift in Sources */,
				AE63F1F02B25B9AA004F6496 /* RequestManager.swift in Sources */,
				AE63F1E82B25B260004F6496 /* MoviesTableViewCell.swift in Sources */,
				AE63F1E32B25B13B004F6496 /* MoviesViewController.swift in Sources */,
				AE63F20D2B25D875004F6496 /* MovieDetailViewController.swift in Sources */,
				AE63F1FD2B25BD73004F6496 /* MoviesViewModel.swift in Sources */,
			);
			runOnlyForDeploymentPostprocessing = 0;
		};
		AE63F1BF2B25AECA004F6496 /* Sources */ = {
			isa = PBXSourcesBuildPhase;
			buildActionMask = 2147483647;
			files = (
				AE63F1C82B25AECA004F6496 /* SmallWorldTest_UIKitTests.swift in Sources */,
			);
			runOnlyForDeploymentPostprocessing = 0;
		};
		AE63F1C92B25AECA004F6496 /* Sources */ = {
			isa = PBXSourcesBuildPhase;
			buildActionMask = 2147483647;
			files = (
				AE63F1D42B25AECA004F6496 /* SmallWorldTest_UIKitUITestsLaunchTests.swift in Sources */,
				AE63F1D22B25AECA004F6496 /* SmallWorldTest_UIKitUITests.swift in Sources */,
			);
			runOnlyForDeploymentPostprocessing = 0;
		};
/* End PBXSourcesBuildPhase section */

/* Begin PBXTargetDependency section */
		AE63F1C52B25AECA004F6496 /* PBXTargetDependency */ = {
			isa = PBXTargetDependency;
			target = AE63F1AC2B25AEC8004F6496 /* SmallWorldTest_UIKit */;
			targetProxy = AE63F1C42B25AECA004F6496 /* PBXContainerItemProxy */;
		};
		AE63F1CF2B25AECA004F6496 /* PBXTargetDependency */ = {
			isa = PBXTargetDependency;
			target = AE63F1AC2B25AEC8004F6496 /* SmallWorldTest_UIKit */;
			targetProxy = AE63F1CE2B25AECA004F6496 /* PBXContainerItemProxy */;
		};
/* End PBXTargetDependency section */

/* Begin PBXVariantGroup section */
		AE63F1B62B25AEC8004F6496 /* Main.storyboard */ = {
			isa = PBXVariantGroup;
			children = (
				AE63F1B72B25AEC8004F6496 /* Base */,
			);
			name = Main.storyboard;
			sourceTree = "<group>";
		};
		AE63F1BB2B25AECA004F6496 /* LaunchScreen.storyboard */ = {
			isa = PBXVariantGroup;
			children = (
				AE63F1BC2B25AECA004F6496 /* Base */,
			);
			name = LaunchScreen.storyboard;
			sourceTree = "<group>";
		};
/* End PBXVariantGroup section */

/* Begin XCBuildConfiguration section */
		AE63F1D52B25AECA004F6496 /* Debug */ = {
			isa = XCBuildConfiguration;
			buildSettings = {
				ALWAYS_SEARCH_USER_PATHS = NO;
				ASSETCATALOG_COMPILER_GENERATE_SWIFT_ASSET_SYMBOL_EXTENSIONS = YES;
				CLANG_ANALYZER_NONNULL = YES;
				CLANG_ANALYZER_NUMBER_OBJECT_CONVERSION = YES_AGGRESSIVE;
				CLANG_CXX_LANGUAGE_STANDARD = "gnu++20";
				CLANG_ENABLE_MODULES = YES;
				CLANG_ENABLE_OBJC_ARC = YES;
				CLANG_ENABLE_OBJC_WEAK = YES;
				CLANG_WARN_BLOCK_CAPTURE_AUTORELEASING = YES;
				CLANG_WARN_BOOL_CONVERSION = YES;
				CLANG_WARN_COMMA = YES;
				CLANG_WARN_CONSTANT_CONVERSION = YES;
				CLANG_WARN_DEPRECATED_OBJC_IMPLEMENTATIONS = YES;
				CLANG_WARN_DIRECT_OBJC_ISA_USAGE = YES_ERROR;
				CLANG_WARN_DOCUMENTATION_COMMENTS = YES;
				CLANG_WARN_EMPTY_BODY = YES;
				CLANG_WARN_ENUM_CONVERSION = YES;
				CLANG_WARN_INFINITE_RECURSION = YES;
				CLANG_WARN_INT_CONVERSION = YES;
				CLANG_WARN_NON_LITERAL_NULL_CONVERSION = YES;
				CLANG_WARN_OBJC_IMPLICIT_RETAIN_SELF = YES;
				CLANG_WARN_OBJC_LITERAL_CONVERSION = YES;
				CLANG_WARN_OBJC_ROOT_CLASS = YES_ERROR;
				CLANG_WARN_QUOTED_INCLUDE_IN_FRAMEWORK_HEADER = YES;
				CLANG_WARN_RANGE_LOOP_ANALYSIS = YES;
				CLANG_WARN_STRICT_PROTOTYPES = YES;
				CLANG_WARN_SUSPICIOUS_MOVE = YES;
				CLANG_WARN_UNGUARDED_AVAILABILITY = YES_AGGRESSIVE;
				CLANG_WARN_UNREACHABLE_CODE = YES;
				CLANG_WARN__DUPLICATE_METHOD_MATCH = YES;
				COPY_PHASE_STRIP = NO;
				DEBUG_INFORMATION_FORMAT = dwarf;
				ENABLE_STRICT_OBJC_MSGSEND = YES;
				ENABLE_TESTABILITY = YES;
				ENABLE_USER_SCRIPT_SANDBOXING = YES;
				GCC_C_LANGUAGE_STANDARD = gnu17;
				GCC_DYNAMIC_NO_PIC = NO;
				GCC_NO_COMMON_BLOCKS = YES;
				GCC_OPTIMIZATION_LEVEL = 0;
				GCC_PREPROCESSOR_DEFINITIONS = (
					"DEBUG=1",
					"$(inherited)",
				);
				GCC_WARN_64_TO_32_BIT_CONVERSION = YES;
				GCC_WARN_ABOUT_RETURN_TYPE = YES_ERROR;
				GCC_WARN_UNDECLARED_SELECTOR = YES;
				GCC_WARN_UNINITIALIZED_AUTOS = YES_AGGRESSIVE;
				GCC_WARN_UNUSED_FUNCTION = YES;
				GCC_WARN_UNUSED_VARIABLE = YES;
				IPHONEOS_DEPLOYMENT_TARGET = 17.0;
				LOCALIZATION_PREFERS_STRING_CATALOGS = YES;
				MTL_ENABLE_DEBUG_INFO = INCLUDE_SOURCE;
				MTL_FAST_MATH = YES;
				ONLY_ACTIVE_ARCH = YES;
				SDKROOT = iphoneos;
				SWIFT_ACTIVE_COMPILATION_CONDITIONS = "DEBUG $(inherited)";
				SWIFT_OPTIMIZATION_LEVEL = "-Onone";
			};
			name = Debug;
		};
		AE63F1D62B25AECA004F6496 /* Release */ = {
			isa = XCBuildConfiguration;
			buildSettings = {
				ALWAYS_SEARCH_USER_PATHS = NO;
				ASSETCATALOG_COMPILER_GENERATE_SWIFT_ASSET_SYMBOL_EXTENSIONS = YES;
				CLANG_ANALYZER_NONNULL = YES;
				CLANG_ANALYZER_NUMBER_OBJECT_CONVERSION = YES_AGGRESSIVE;
				CLANG_CXX_LANGUAGE_STANDARD = "gnu++20";
				CLANG_ENABLE_MODULES = YES;
				CLANG_ENABLE_OBJC_ARC = YES;
				CLANG_ENABLE_OBJC_WEAK = YES;
				CLANG_WARN_BLOCK_CAPTURE_AUTORELEASING = YES;
				CLANG_WARN_BOOL_CONVERSION = YES;
				CLANG_WARN_COMMA = YES;
				CLANG_WARN_CONSTANT_CONVERSION = YES;
				CLANG_WARN_DEPRECATED_OBJC_IMPLEMENTATIONS = YES;
				CLANG_WARN_DIRECT_OBJC_ISA_USAGE = YES_ERROR;
				CLANG_WARN_DOCUMENTATION_COMMENTS = YES;
				CLANG_WARN_EMPTY_BODY = YES;
				CLANG_WARN_ENUM_CONVERSION = YES;
				CLANG_WARN_INFINITE_RECURSION = YES;
				CLANG_WARN_INT_CONVERSION = YES;
				CLANG_WARN_NON_LITERAL_NULL_CONVERSION = YES;
				CLANG_WARN_OBJC_IMPLICIT_RETAIN_SELF = YES;
				CLANG_WARN_OBJC_LITERAL_CONVERSION = YES;
				CLANG_WARN_OBJC_ROOT_CLASS = YES_ERROR;
				CLANG_WARN_QUOTED_INCLUDE_IN_FRAMEWORK_HEADER = YES;
				CLANG_WARN_RANGE_LOOP_ANALYSIS = YES;
				CLANG_WARN_STRICT_PROTOTYPES = YES;
				CLANG_WARN_SUSPICIOUS_MOVE = YES;
				CLANG_WARN_UNGUARDED_AVAILABILITY = YES_AGGRESSIVE;
				CLANG_WARN_UNREACHABLE_CODE = YES;
				CLANG_WARN__DUPLICATE_METHOD_MATCH = YES;
				COPY_PHASE_STRIP = NO;
				DEBUG_INFORMATION_FORMAT = "dwarf-with-dsym";
				ENABLE_NS_ASSERTIONS = NO;
				ENABLE_STRICT_OBJC_MSGSEND = YES;
				ENABLE_USER_SCRIPT_SANDBOXING = YES;
				GCC_C_LANGUAGE_STANDARD = gnu17;
				GCC_NO_COMMON_BLOCKS = YES;
				GCC_WARN_64_TO_32_BIT_CONVERSION = YES;
				GCC_WARN_ABOUT_RETURN_TYPE = YES_ERROR;
				GCC_WARN_UNDECLARED_SELECTOR = YES;
				GCC_WARN_UNINITIALIZED_AUTOS = YES_AGGRESSIVE;
				GCC_WARN_UNUSED_FUNCTION = YES;
				GCC_WARN_UNUSED_VARIABLE = YES;
				IPHONEOS_DEPLOYMENT_TARGET = 17.0;
				LOCALIZATION_PREFERS_STRING_CATALOGS = YES;
				MTL_ENABLE_DEBUG_INFO = NO;
				MTL_FAST_MATH = YES;
				SDKROOT = iphoneos;
				SWIFT_COMPILATION_MODE = wholemodule;
				VALIDATE_PRODUCT = YES;
			};
			name = Release;
		};
		AE63F1D82B25AECA004F6496 /* Debug */ = {
			isa = XCBuildConfiguration;
			buildSettings = {
				ASSETCATALOG_COMPILER_APPICON_NAME = AppIcon;
				ASSETCATALOG_COMPILER_GLOBAL_ACCENT_COLOR_NAME = AccentColor;
				CODE_SIGN_STYLE = Automatic;
				CURRENT_PROJECT_VERSION = 1;
				DEVELOPMENT_TEAM = DM7RWW58PD;
				GENERATE_INFOPLIST_FILE = YES;
				INFOPLIST_FILE = SmallWorldTest_UIKit/Info.plist;
				INFOPLIST_KEY_UIApplicationSupportsIndirectInputEvents = YES;
				INFOPLIST_KEY_UILaunchStoryboardName = LaunchScreen;
				INFOPLIST_KEY_UIMainStoryboardFile = Main;
				INFOPLIST_KEY_UISupportedInterfaceOrientations_iPad = "UIInterfaceOrientationPortrait UIInterfaceOrientationPortraitUpsideDown UIInterfaceOrientationLandscapeLeft UIInterfaceOrientationLandscapeRight";
				INFOPLIST_KEY_UISupportedInterfaceOrientations_iPhone = "UIInterfaceOrientationPortrait UIInterfaceOrientationLandscapeLeft UIInterfaceOrientationLandscapeRight";
				IPHONEOS_DEPLOYMENT_TARGET = 16.0;
				LD_RUNPATH_SEARCH_PATHS = (
					"$(inherited)",
					"@executable_path/Frameworks",
				);
				MARKETING_VERSION = 1.0;
				PRODUCT_BUNDLE_IDENTIFIER = "com.SmallWorldTest-UIKit";
				PRODUCT_NAME = "$(TARGET_NAME)";
				SWIFT_EMIT_LOC_STRINGS = YES;
				SWIFT_VERSION = 5.0;
				TARGETED_DEVICE_FAMILY = "1,2";
			};
			name = Debug;
		};
		AE63F1D92B25AECA004F6496 /* Release */ = {
			isa = XCBuildConfiguration;
			buildSettings = {
				ASSETCATALOG_COMPILER_APPICON_NAME = AppIcon;
				ASSETCATALOG_COMPILER_GLOBAL_ACCENT_COLOR_NAME = AccentColor;
				CODE_SIGN_STYLE = Automatic;
				CURRENT_PROJECT_VERSION = 1;
				DEVELOPMENT_TEAM = DM7RWW58PD;
				GENERATE_INFOPLIST_FILE = YES;
				INFOPLIST_FILE = SmallWorldTest_UIKit/Info.plist;
				INFOPLIST_KEY_UIApplicationSupportsIndirectInputEvents = YES;
				INFOPLIST_KEY_UILaunchStoryboardName = LaunchScreen;
				INFOPLIST_KEY_UIMainStoryboardFile = Main;
				INFOPLIST_KEY_UISupportedInterfaceOrientations_iPad = "UIInterfaceOrientationPortrait UIInterfaceOrientationPortraitUpsideDown UIInterfaceOrientationLandscapeLeft UIInterfaceOrientationLandscapeRight";
				INFOPLIST_KEY_UISupportedInterfaceOrientations_iPhone = "UIInterfaceOrientationPortrait UIInterfaceOrientationLandscapeLeft UIInterfaceOrientationLandscapeRight";
				IPHONEOS_DEPLOYMENT_TARGET = 16.0;
				LD_RUNPATH_SEARCH_PATHS = (
					"$(inherited)",
					"@executable_path/Frameworks",
				);
				MARKETING_VERSION = 1.0;
				PRODUCT_BUNDLE_IDENTIFIER = "com.SmallWorldTest-UIKit";
				PRODUCT_NAME = "$(TARGET_NAME)";
				SWIFT_EMIT_LOC_STRINGS = YES;
				SWIFT_VERSION = 5.0;
				TARGETED_DEVICE_FAMILY = "1,2";
			};
			name = Release;
		};
		AE63F1DB2B25AECA004F6496 /* Debug */ = {
			isa = XCBuildConfiguration;
			buildSettings = {
				ALWAYS_EMBED_SWIFT_STANDARD_LIBRARIES = YES;
				BUNDLE_LOADER = "$(TEST_HOST)";
				CODE_SIGN_STYLE = Automatic;
				CURRENT_PROJECT_VERSION = 1;
				DEVELOPMENT_TEAM = DM7RWW58PD;
				GENERATE_INFOPLIST_FILE = YES;
				IPHONEOS_DEPLOYMENT_TARGET = 17.0;
				MARKETING_VERSION = 1.0;
				PRODUCT_BUNDLE_IDENTIFIER = "com.SmallWorldTest-UIKitTests";
				PRODUCT_NAME = "$(TARGET_NAME)";
				SWIFT_EMIT_LOC_STRINGS = NO;
				SWIFT_VERSION = 5.0;
				TARGETED_DEVICE_FAMILY = "1,2";
				TEST_HOST = "$(BUILT_PRODUCTS_DIR)/SmallWorldTest_UIKit.app/$(BUNDLE_EXECUTABLE_FOLDER_PATH)/SmallWorldTest_UIKit";
			};
			name = Debug;
		};
		AE63F1DC2B25AECA004F6496 /* Release */ = {
			isa = XCBuildConfiguration;
			buildSettings = {
				ALWAYS_EMBED_SWIFT_STANDARD_LIBRARIES = YES;
				BUNDLE_LOADER = "$(TEST_HOST)";
				CODE_SIGN_STYLE = Automatic;
				CURRENT_PROJECT_VERSION = 1;
				DEVELOPMENT_TEAM = DM7RWW58PD;
				GENERATE_INFOPLIST_FILE = YES;
				IPHONEOS_DEPLOYMENT_TARGET = 17.0;
				MARKETING_VERSION = 1.0;
				PRODUCT_BUNDLE_IDENTIFIER = "com.SmallWorldTest-UIKitTests";
				PRODUCT_NAME = "$(TARGET_NAME)";
				SWIFT_EMIT_LOC_STRINGS = NO;
				SWIFT_VERSION = 5.0;
				TARGETED_DEVICE_FAMILY = "1,2";
				TEST_HOST = "$(BUILT_PRODUCTS_DIR)/SmallWorldTest_UIKit.app/$(BUNDLE_EXECUTABLE_FOLDER_PATH)/SmallWorldTest_UIKit";
			};
			name = Release;
		};
		AE63F1DE2B25AECA004F6496 /* Debug */ = {
			isa = XCBuildConfiguration;
			buildSettings = {
				ALWAYS_EMBED_SWIFT_STANDARD_LIBRARIES = YES;
				CODE_SIGN_STYLE = Automatic;
				CURRENT_PROJECT_VERSION = 1;
				DEVELOPMENT_TEAM = DM7RWW58PD;
				GENERATE_INFOPLIST_FILE = YES;
				MARKETING_VERSION = 1.0;
				PRODUCT_BUNDLE_IDENTIFIER = "com.SmallWorldTest-UIKitUITests";
				PRODUCT_NAME = "$(TARGET_NAME)";
				SWIFT_EMIT_LOC_STRINGS = NO;
				SWIFT_VERSION = 5.0;
				TARGETED_DEVICE_FAMILY = "1,2";
				TEST_TARGET_NAME = SmallWorldTest_UIKit;
			};
			name = Debug;
		};
		AE63F1DF2B25AECA004F6496 /* Release */ = {
			isa = XCBuildConfiguration;
			buildSettings = {
				ALWAYS_EMBED_SWIFT_STANDARD_LIBRARIES = YES;
				CODE_SIGN_STYLE = Automatic;
				CURRENT_PROJECT_VERSION = 1;
				DEVELOPMENT_TEAM = DM7RWW58PD;
				GENERATE_INFOPLIST_FILE = YES;
				MARKETING_VERSION = 1.0;
				PRODUCT_BUNDLE_IDENTIFIER = "com.SmallWorldTest-UIKitUITests";
				PRODUCT_NAME = "$(TARGET_NAME)";
				SWIFT_EMIT_LOC_STRINGS = NO;
				SWIFT_VERSION = 5.0;
				TARGETED_DEVICE_FAMILY = "1,2";
				TEST_TARGET_NAME = SmallWorldTest_UIKit;
			};
			name = Release;
		};
/* End XCBuildConfiguration section */

/* Begin XCConfigurationList section */
		AE63F1A82B25AEC8004F6496 /* Build configuration list for PBXProject "SmallWorldTest_UIKit" */ = {
			isa = XCConfigurationList;
			buildConfigurations = (
				AE63F1D52B25AECA004F6496 /* Debug */,
				AE63F1D62B25AECA004F6496 /* Release */,
			);
			defaultConfigurationIsVisible = 0;
			defaultConfigurationName = Release;
		};
		AE63F1D72B25AECA004F6496 /* Build configuration list for PBXNativeTarget "SmallWorldTest_UIKit" */ = {
			isa = XCConfigurationList;
			buildConfigurations = (
				AE63F1D82B25AECA004F6496 /* Debug */,
				AE63F1D92B25AECA004F6496 /* Release */,
			);
			defaultConfigurationIsVisible = 0;
			defaultConfigurationName = Release;
		};
		AE63F1DA2B25AECA004F6496 /* Build configuration list for PBXNativeTarget "SmallWorldTest_UIKitTests" */ = {
			isa = XCConfigurationList;
			buildConfigurations = (
				AE63F1DB2B25AECA004F6496 /* Debug */,
				AE63F1DC2B25AECA004F6496 /* Release */,
			);
			defaultConfigurationIsVisible = 0;
			defaultConfigurationName = Release;
		};
		AE63F1DD2B25AECA004F6496 /* Build configuration list for PBXNativeTarget "SmallWorldTest_UIKitUITests" */ = {
			isa = XCConfigurationList;
			buildConfigurations = (
				AE63F1DE2B25AECA004F6496 /* Debug */,
				AE63F1DF2B25AECA004F6496 /* Release */,
			);
			defaultConfigurationIsVisible = 0;
			defaultConfigurationName = Release;
		};
/* End XCConfigurationList section */

/* Begin XCRemoteSwiftPackageReference section */
		AE63F2082B25D5D3004F6496 /* XCRemoteSwiftPackageReference "Kingfisher" */ = {
			isa = XCRemoteSwiftPackageReference;
			repositoryURL = "https://github.com/onevcat/Kingfisher.git";
			requirement = {
				kind = upToNextMajorVersion;
				minimumVersion = 7.0.0;
			};
		};
/* End XCRemoteSwiftPackageReference section */

/* Begin XCSwiftPackageProductDependency section */
		AE63F2092B25D5D4004F6496 /* Kingfisher */ = {
			isa = XCSwiftPackageProductDependency;
			package = AE63F2082B25D5D3004F6496 /* XCRemoteSwiftPackageReference "Kingfisher" */;
			productName = Kingfisher;
		};
/* End XCSwiftPackageProductDependency section */
	};
	rootObject = AE63F1A52B25AEC8004F6496 /* Project object */;
}
